// !$*UTF8*$!
{
	archiveVersion = 1;
	classes = {
	};
	objectVersion = 50;
	objects = {

/* Begin PBXBuildFile section */
		6596877A22FC7AD700FE48AD /* AppDelegate.swift in Sources */ = {isa = PBXBuildFile; fileRef = 6596877922FC7AD700FE48AD /* AppDelegate.swift */; };
		6596877C22FC7AD700FE48AD /* SceneDelegate.swift in Sources */ = {isa = PBXBuildFile; fileRef = 6596877B22FC7AD700FE48AD /* SceneDelegate.swift */; };
		6596877E22FC7AD700FE48AD /* ViewController.swift in Sources */ = {isa = PBXBuildFile; fileRef = 6596877D22FC7AD700FE48AD /* ViewController.swift */; };
		6596878122FC7AD700FE48AD /* Main.storyboard in Resources */ = {isa = PBXBuildFile; fileRef = 6596877F22FC7AD700FE48AD /* Main.storyboard */; };
		6596878322FC7AD900FE48AD /* Assets.xcassets in Resources */ = {isa = PBXBuildFile; fileRef = 6596878222FC7AD900FE48AD /* Assets.xcassets */; };
		6596878622FC7AD900FE48AD /* LaunchScreen.storyboard in Resources */ = {isa = PBXBuildFile; fileRef = 6596878422FC7AD900FE48AD /* LaunchScreen.storyboard */; };
		6596878E22FC7C4000FE48AD /* PrinceCollectionViewController.swift in Sources */ = {isa = PBXBuildFile; fileRef = 6596878D22FC7C4000FE48AD /* PrinceCollectionViewController.swift */; };
		6596879022FC7C5400FE48AD /* PrinceCollectionViewCell.swift in Sources */ = {isa = PBXBuildFile; fileRef = 6596878F22FC7C5400FE48AD /* PrinceCollectionViewCell.swift */; };
/* End PBXBuildFile section */

/* Begin PBXFileReference section */
		6596877622FC7AD700FE48AD /* democollectionview.app */ = {isa = PBXFileReference; explicitFileType = wrapper.application; includeInIndex = 0; path = democollectionview.app; sourceTree = BUILT_PRODUCTS_DIR; };
		6596877922FC7AD700FE48AD /* AppDelegate.swift */ = {isa = PBXFileReference; lastKnownFileType = sourcecode.swift; path = AppDelegate.swift; sourceTree = "<group>"; };
		6596877B22FC7AD700FE48AD /* SceneDelegate.swift */ = {isa = PBXFileReference; lastKnownFileType = sourcecode.swift; path = SceneDelegate.swift; sourceTree = "<group>"; };
		6596877D22FC7AD700FE48AD /* ViewController.swift */ = {isa = PBXFileReference; lastKnownFileType = sourcecode.swift; path = ViewController.swift; sourceTree = "<group>"; };
		6596878022FC7AD700FE48AD /* Base */ = {isa = PBXFileReference; lastKnownFileType = file.storyboard; name = Base; path = Base.lproj/Main.storyboard; sourceTree = "<group>"; };
		6596878222FC7AD900FE48AD /* Assets.xcassets */ = {isa = PBXFileReference; lastKnownFileType = folder.assetcatalog; path = Assets.xcassets; sourceTree = "<group>"; };
		6596878522FC7AD900FE48AD /* Base */ = {isa = PBXFileReference; lastKnownFileType = file.storyboard; name = Base; path = Base.lproj/LaunchScreen.storyboard; sourceTree = "<group>"; };
		6596878722FC7AD900FE48AD /* Info.plist */ = {isa = PBXFileReference; lastKnownFileType = text.plist.xml; path = Info.plist; sourceTree = "<group>"; };
		6596878D22FC7C4000FE48AD /* PrinceCollectionViewController.swift */ = {isa = PBXFileReference; lastKnownFileType = sourcecode.swift; path = PrinceCollectionViewController.swift; sourceTree = "<group>"; };
		6596878F22FC7C5400FE48AD /* PrinceCollectionViewCell.swift */ = {isa = PBXFileReference; lastKnownFileType = sourcecode.swift; path = PrinceCollectionViewCell.swift; sourceTree = "<group>"; };
/* End PBXFileReference section */

/* Begin PBXFrameworksBuildPhase section */
		6596877322FC7AD700FE48AD /* Frameworks */ = {
			isa = PBXFrameworksBuildPhase;
			buildActionMask = 2147483647;
			files = (
			);
			runOnlyForDeploymentPostprocessing = 0;
		};
/* End PBXFrameworksBuildPhase section */

/* Begin PBXGroup section */
		6596876D22FC7AD700FE48AD = {
			isa = PBXGroup;
			children = (
				6596877822FC7AD700FE48AD /* democollectionview */,
				6596877722FC7AD700FE48AD /* Products */,
			);
			sourceTree = "<group>";
		};
		6596877722FC7AD700FE48AD /* Products */ = {
			isa = PBXGroup;
			children = (
				6596877622FC7AD700FE48AD /* democollectionview.app */,
			);
			name = Products;
			sourceTree = "<group>";
		};
		6596877822FC7AD700FE48AD /* democollectionview */ = {
			isa = PBXGroup;
			children = (
				6596877922FC7AD700FE48AD /* AppDelegate.swift */,
				6596877B22FC7AD700FE48AD /* SceneDelegate.swift */,
				6596877D22FC7AD700FE48AD /* ViewController.swift */,
				6596878D22FC7C4000FE48AD /* PrinceCollectionViewController.swift */,
				6596878F22FC7C5400FE48AD /* PrinceCollectionViewCell.swift */,
				6596877F22FC7AD700FE48AD /* Main.storyboard */,
				6596878222FC7AD900FE48AD /* Assets.xcassets */,
				6596878422FC7AD900FE48AD /* LaunchScreen.storyboard */,
				6596878722FC7AD900FE48AD /* Info.plist */,
			);
			path = democollectionview;
			sourceTree = "<group>";
		};
/* End PBXGroup section */

/* Begin PBXNativeTarget section */
		6596877522FC7AD700FE48AD /* democollectionview */ = {
			isa = PBXNativeTarget;
			buildConfigurationList = 6596878A22FC7AD900FE48AD /* Build configuration list for PBXNativeTarget "democollectionview" */;
			buildPhases = (
				6596877222FC7AD700FE48AD /* Sources */,
				6596877322FC7AD700FE48AD /* Frameworks */,
				6596877422FC7AD700FE48AD /* Resources */,
			);
			buildRules = (
			);
			dependencies = (
			);
			name = democollectionview;
			productName = democollectionview;
			productReference = 6596877622FC7AD700FE48AD /* democollectionview.app */;
			productType = "com.apple.product-type.application";
		};
/* End PBXNativeTarget section */

/* Begin PBXProject section */
		6596876E22FC7AD700FE48AD /* Project object */ = {
			isa = PBXProject;
			attributes = {
				LastSwiftUpdateCheck = 1100;
				LastUpgradeCheck = 1100;
				ORGANIZATIONNAME = Daniel;
				TargetAttributes = {
					6596877522FC7AD700FE48AD = {
						CreatedOnToolsVersion = 11.0;
					};
				};
			};
			buildConfigurationList = 6596877122FC7AD700FE48AD /* Build configuration list for PBXProject "democollectionview" */;
			compatibilityVersion = "Xcode 9.3";
			developmentRegion = en;
			hasScannedForEncodings = 0;
			knownRegions = (
				en,
				Base,
			);
			mainGroup = 6596876D22FC7AD700FE48AD;
			productRefGroup = 6596877722FC7AD700FE48AD /* Products */;
			projectDirPath = "";
			projectRoot = "";
			targets = (
				6596877522FC7AD700FE48AD /* democollectionview */,
			);
		};
/* End PBXProject section */

/* Begin PBXResourcesBuildPhase section */
		6596877422FC7AD700FE48AD /* Resources */ = {
			isa = PBXResourcesBuildPhase;
			buildActionMask = 2147483647;
			files = (
				6596878622FC7AD900FE48AD /* LaunchScreen.storyboard in Resources */,
				6596878322FC7AD900FE48AD /* Assets.xcassets in Resources */,
				6596878122FC7AD700FE48AD /* Main.storyboard in Resources */,
			);
			runOnlyForDeploymentPostprocessing = 0;
		};
/* End PBXResourcesBuildPhase section */

/* Begin PBXSourcesBuildPhase section */
		6596877222FC7AD700FE48AD /* Sources */ = {
			isa = PBXSourcesBuildPhase;
			buildActionMask = 2147483647;
			files = (
				6596877E22FC7AD700FE48AD /* ViewController.swift in Sources */,
				6596877A22FC7AD700FE48AD /* AppDelegate.swift in Sources */,
				6596877C22FC7AD700FE48AD /* SceneDelegate.swift in Sources */,
				6596878E22FC7C4000FE48AD /* PrinceCollectionViewController.swift in Sources */,
				6596879022FC7C5400FE48AD /* PrinceCollectionViewCell.swift in Sources */,
			);
			runOnlyForDeploymentPostprocessing = 0;
		};
/* End PBXSourcesBuildPhase section */

/* Begin PBXVariantGroup section */
		6596877F22FC7AD700FE48AD /* Main.storyboard */ = {
			isa = PBXVariantGroup;
			children = (
				6596878022FC7AD700FE48AD /* Base */,
			);
			name = Main.storyboard;
			sourceTree = "<group>";
		};
		6596878422FC7AD900FE48AD /* LaunchScreen.storyboard */ = {
			isa = PBXVariantGroup;
			children = (
				6596878522FC7AD900FE48AD /* Base */,
			);
			name = LaunchScreen.storyboard;
			sourceTree = "<group>";
		};
/* End PBXVariantGroup section */

/* Begin XCBuildConfiguration section */
		6596878822FC7AD900FE48AD /* Debug */ = {
			isa = XCBuildConfiguration;
			buildSettings = {
				ALWAYS_SEARCH_USER_PATHS = NO;
				CLANG_ANALYZER_NONNULL = YES;
				CLANG_ANALYZER_NUMBER_OBJECT_CONVERSION = YES_AGGRESSIVE;
				CLANG_CXX_LANGUAGE_STANDARD = "gnu++14";
				CLANG_CXX_LIBRARY = "libc++";
				CLANG_ENABLE_MODULES = YES;
				CLANG_ENABLE_OBJC_ARC = YES;
				CLANG_ENABLE_OBJC_WEAK = YES;
				CLANG_WARN_BLOCK_CAPTURE_AUTORELEASING = YES;
				CLANG_WARN_BOOL_CONVERSION = YES;
				CLANG_WARN_COMMA = YES;
				CLANG_WARN_CONSTANT_CONVERSION = YES;
				CLANG_WARN_DEPRECATED_OBJC_IMPLEMENTATIONS = YES;
				CLANG_WARN_DIRECT_OBJC_ISA_USAGE = YES_ERROR;
				CLANG_WARN_DOCUMENTATION_COMMENTS = YES;
				CLANG_WARN_EMPTY_BODY = YES;
				CLANG_WARN_ENUM_CONVERSION = YES;
				CLANG_WARN_INFINITE_RECURSION = YES;
				CLANG_WARN_INT_CONVERSION = YES;
				CLANG_WARN_NON_LITERAL_NULL_CONVERSION = YES;
				CLANG_WARN_OBJC_IMPLICIT_RETAIN_SELF = YES;
				CLANG_WARN_OBJC_LITERAL_CONVERSION = YES;
				CLANG_WARN_OBJC_ROOT_CLASS = YES_ERROR;
				CLANG_WARN_RANGE_LOOP_ANALYSIS = YES;
				CLANG_WARN_STRICT_PROTOTYPES = YES;
				CLANG_WARN_SUSPICIOUS_MOVE = YES;
				CLANG_WARN_UNGUARDED_AVAILABILITY = YES_AGGRESSIVE;
				CLANG_WARN_UNREACHABLE_CODE = YES;
				CLANG_WARN__DUPLICATE_METHOD_MATCH = YES;
				COPY_PHASE_STRIP = NO;
				DEBUG_INFORMATION_FORMAT = dwarf;
				ENABLE_STRICT_OBJC_MSGSEND = YES;
				ENABLE_TESTABILITY = YES;
				GCC_C_LANGUAGE_STANDARD = gnu11;
				GCC_DYNAMIC_NO_PIC = NO;
				GCC_NO_COMMON_BLOCKS = YES;
				GCC_OPTIMIZATION_LEVEL = 0;
				GCC_PREPROCESSOR_DEFINITIONS = (
					"DEBUG=1",
					"$(inherited)",
				);
				GCC_WARN_64_TO_32_BIT_CONVERSION = YES;
				GCC_WARN_ABOUT_RETURN_TYPE = YES_ERROR;
				GCC_WARN_UNDECLARED_SELECTOR = YES;
				GCC_WARN_UNINITIALIZED_AUTOS = YES_AGGRESSIVE;
				GCC_WARN_UNUSED_FUNCTION = YES;
				GCC_WARN_UNUSED_VARIABLE = YES;
				IPHONEOS_DEPLOYMENT_TARGET = 13.0;
				MTL_ENABLE_DEBUG_INFO = INCLUDE_SOURCE;
				MTL_FAST_MATH = YES;
				ONLY_ACTIVE_ARCH = YES;
				SDKROOT = iphoneos;
				SWIFT_ACTIVE_COMPILATION_CONDITIONS = DEBUG;
				SWIFT_OPTIMIZATION_LEVEL = "-Onone";
			};
			name = Debug;
		};
		6596878922FC7AD900FE48AD /* Release */ = {
			isa = XCBuildConfiguration;
			buildSettings = {
				ALWAYS_SEARCH_USER_PATHS = NO;
				CLANG_ANALYZER_NONNULL = YES;
				CLANG_ANALYZER_NUMBER_OBJECT_CONVERSION = YES_AGGRESSIVE;
				CLANG_CXX_LANGUAGE_STANDARD = "gnu++14";
				CLANG_CXX_LIBRARY = "libc++";
				CLANG_ENABLE_MODULES = YES;
				CLANG_ENABLE_OBJC_ARC = YES;
				CLANG_ENABLE_OBJC_WEAK = YES;
				CLANG_WARN_BLOCK_CAPTURE_AUTORELEASING = YES;
				CLANG_WARN_BOOL_CONVERSION = YES;
				CLANG_WARN_COMMA = YES;
				CLANG_WARN_CONSTANT_CONVERSION = YES;
				CLANG_WARN_DEPRECATED_OBJC_IMPLEMENTATIONS = YES;
				CLANG_WARN_DIRECT_OBJC_ISA_USAGE = YES_ERROR;
				CLANG_WARN_DOCUMENTATION_COMMENTS = YES;
				CLANG_WARN_EMPTY_BODY = YES;
				CLANG_WARN_ENUM_CONVERSION = YES;
				CLANG_WARN_INFINITE_RECURSION = YES;
				CLANG_WARN_INT_CONVERSION = YES;
				CLANG_WARN_NON_LITERAL_NULL_CONVERSION = YES;
				CLANG_WARN_OBJC_IMPLICIT_RETAIN_SELF = YES;
				CLANG_WARN_OBJC_LITERAL_CONVERSION = YES;
				CLANG_WARN_OBJC_ROOT_CLASS = YES_ERROR;
				CLANG_WARN_RANGE_LOOP_ANALYSIS = YES;
				CLANG_WARN_STRICT_PROTOTYPES = YES;
				CLANG_WARN_SUSPICIOUS_MOVE = YES;
				CLANG_WARN_UNGUARDED_AVAILABILITY = YES_AGGRESSIVE;
				CLANG_WARN_UNREACHABLE_CODE = YES;
				CLANG_WARN__DUPLICATE_METHOD_MATCH = YES;
				COPY_PHASE_STRIP = NO;
				DEBUG_INFORMATION_FORMAT = "dwarf-with-dsym";
				ENABLE_NS_ASSERTIONS = NO;
				ENABLE_STRICT_OBJC_MSGSEND = YES;
				GCC_C_LANGUAGE_STANDARD = gnu11;
				GCC_NO_COMMON_BLOCKS = YES;
				GCC_WARN_64_TO_32_BIT_CONVERSION = YES;
				GCC_WARN_ABOUT_RETURN_TYPE = YES_ERROR;
				GCC_WARN_UNDECLARED_SELECTOR = YES;
				GCC_WARN_UNINITIALIZED_AUTOS = YES_AGGRESSIVE;
				GCC_WARN_UNUSED_FUNCTION = YES;
				GCC_WARN_UNUSED_VARIABLE = YES;
				IPHONEOS_DEPLOYMENT_TARGET = 13.0;
				MTL_ENABLE_DEBUG_INFO = NO;
				MTL_FAST_MATH = YES;
				SDKROOT = iphoneos;
				SWIFT_COMPILATION_MODE = wholemodule;
				SWIFT_OPTIMIZATION_LEVEL = "-O";
				VALIDATE_PRODUCT = YES;
			};
			name = Release;
		};
		6596878B22FC7AD900FE48AD /* Debug */ = {
			isa = XCBuildConfiguration;
			buildSettings = {
				ASSETCATALOG_COMPILER_APPICON_NAME = AppIcon;
				CODE_SIGN_STYLE = Automatic;
				INFOPLIST_FILE = democollectionview/Info.plist;
				LD_RUNPATH_SEARCH_PATHS = (
					"$(inherited)",
					"@executable_path/Frameworks",
				);
				PRODUCT_BUNDLE_IDENTIFIER = babipapi.democollectionview;
				PRODUCT_NAME = "$(TARGET_NAME)";
				SWIFT_VERSION = 5.0;
				TARGETED_DEVICE_FAMILY = "1,2";
			};
			name = Debug;
		};
		6596878C22FC7AD900FE48AD /* Release */ = {
			isa = XCBuildConfiguration;
			buildSettings = {
				ASSETCATALOG_COMPILER_APPICON_NAME = AppIcon;
				CODE_SIGN_STYLE = Automatic;
				INFOPLIST_FILE = democollectionview/Info.plist;
				LD_RUNPATH_SEARCH_PATHS = (
					"$(inherited)",
					"@executable_path/Frameworks",
				);
				PRODUCT_BUNDLE_IDENTIFIER = babipapi.democollectionview;
				PRODUCT_NAME = "$(TARGET_NAME)";
				SWIFT_VERSION = 5.0;
				TARGETED_DEVICE_FAMILY = "1,2";
			};
			name = Release;
		};
/* End XCBuildConfiguration section */

/* Begin XCConfigurationList section */
		6596877122FC7AD700FE48AD /* Build configuration list for PBXProject "democollectionview" */ = {
			isa = XCConfigurationList;
			buildConfigurations = (
				6596878822FC7AD900FE48AD /* Debug */,
				6596878922FC7AD900FE48AD /* Release */,
			);
			defaultConfigurationIsVisible = 0;
			defaultConfigurationName = Release;
		};
		6596878A22FC7AD900FE48AD /* Build configuration list for PBXNativeTarget "democollectionview" */ = {
			isa = XCConfigurationList;
			buildConfigurations = (
				6596878B22FC7AD900FE48AD /* Debug */,
				6596878C22FC7AD900FE48AD /* Release */,
			);
			defaultConfigurationIsVisible = 0;
			defaultConfigurationName = Release;
		};
/* End XCConfigurationList section */
	};
	rootObject = 6596876E22FC7AD700FE48AD /* Project object */;
}
